
Microsoft Visual Studio Solution File, Format Version 12.00
# Visual Studio Version 16
VisualStudioVersion = 16.0.30523.141
MinimumVisualStudioVersion = 10.0.40219.1
Project("{FAE04EC0-301F-11D3-BF4B-00C04F79EFBC}") = "Bus_Ticket_Reservation", "Bus_Ticket_Reservation\Bus_Ticket_Reservation.csproj", "{ECB40EB8-68FC-4B07-916C-8B43D06F846B}"
EndProject
Global
	GlobalSection(SolutionConfigurationPlatforms) = preSolution
		Debug|Any CPU = Debug|Any CPU
		Release|Any CPU = Release|Any CPU
	EndGlobalSection
	GlobalSection(ProjectConfigurationPlatforms) = postSolution
		{ECB40EB8-68FC-4B07-916C-8B43D06F846B}.Debug|Any CPU.ActiveCfg = Debug|Any CPU
		{ECB40EB8-68FC-4B07-916C-8B43D06F846B}.Debug|Any CPU.Build.0 = Debug|Any CPU
		{ECB40EB8-68FC-4B07-916C-8B43D06F846B}.Release|Any CPU.ActiveCfg = Release|Any CPU
		{ECB40EB8-68FC-4B07-916C-8B43D06F846B}.Release|Any CPU.Build.0 = Release|Any CPU
	EndGlobalSection
	GlobalSection(SolutionProperties) = preSolution
		HideSolutionNode = FALSE
	EndGlobalSection
	GlobalSection(ExtensibilityGlobals) = postSolution
		SolutionGuid = {526382CF-78EF-45ED-8CC7-F7D959422521}
	EndGlobalSection
EndGlobal
